# THIS IS AN AUTOGENERATED FILE. DO NOT EDIT THIS FILE DIRECTLY.
# yarn lockfile v1


debounce-promise@^3.1.2:
  version "3.1.2"
  resolved "https://registry.yarnpkg.com/debounce-promise/-/debounce-promise-3.1.2.tgz#320fb8c7d15a344455cd33cee5ab63530b6dc7c5"
  integrity sha512-rZHcgBkbYavBeD9ej6sP56XfG53d51CD4dnaw989YX/nZ/ZJfgRx/9ePKmTNiUiyQvh4mtrMoS3OAWW+yoYtpg==
